// !$*UTF8*$!
{
	archiveVersion = 1;
	classes = {
	};
	objectVersion = 50;
	objects = {

/* Begin PBXBuildFile section */
		5473A25F24F223EC009C6E3D /* AppDelegate.swift in Sources */ = {isa = PBXBuildFile; fileRef = 5473A25E24F223EC009C6E3D /* AppDelegate.swift */; };
		5473A26124F223EC009C6E3D /* SceneDelegate.swift in Sources */ = {isa = PBXBuildFile; fileRef = 5473A26024F223EC009C6E3D /* SceneDelegate.swift */; };
		5473A26324F223EC009C6E3D /* ContentView.swift in Sources */ = {isa = PBXBuildFile; fileRef = 5473A26224F223EC009C6E3D /* ContentView.swift */; };
		5473A26524F223ED009C6E3D /* Assets.xcassets in Resources */ = {isa = PBXBuildFile; fileRef = 5473A26424F223ED009C6E3D /* Assets.xcassets */; };
		5473A26824F223ED009C6E3D /* Preview Assets.xcassets in Resources */ = {isa = PBXBuildFile; fileRef = 5473A26724F223ED009C6E3D /* Preview Assets.xcassets */; };
		5473A26B24F223ED009C6E3D /* LaunchScreen.storyboard in Resources */ = {isa = PBXBuildFile; fileRef = 5473A26924F223ED009C6E3D /* LaunchScreen.storyboard */; };
		5473A27624F223EE009C6E3D /* ColorsTests.swift in Sources */ = {isa = PBXBuildFile; fileRef = 5473A27524F223EE009C6E3D /* ColorsTests.swift */; };
		5473A28124F223EE009C6E3D /* ColorsUITests.swift in Sources */ = {isa = PBXBuildFile; fileRef = 5473A28024F223EE009C6E3D /* ColorsUITests.swift */; };
		5473A28F24F2245F009C6E3D /* ColorRow.swift in Sources */ = {isa = PBXBuildFile; fileRef = 5473A28E24F2245F009C6E3D /* ColorRow.swift */; };
		5473A29124F22950009C6E3D /* ColorsList.swift in Sources */ = {isa = PBXBuildFile; fileRef = 5473A29024F22950009C6E3D /* ColorsList.swift */; };
		5473A29324F2296D009C6E3D /* ColorsViewModel.swift in Sources */ = {isa = PBXBuildFile; fileRef = 5473A29224F2296D009C6E3D /* ColorsViewModel.swift */; };
		5473A29524F229A4009C6E3D /* ColorToken.swift in Sources */ = {isa = PBXBuildFile; fileRef = 5473A29424F229A4009C6E3D /* ColorToken.swift */; };
/* End PBXBuildFile section */

/* Begin PBXContainerItemProxy section */
		5473A27224F223EE009C6E3D /* PBXContainerItemProxy */ = {
			isa = PBXContainerItemProxy;
			containerPortal = 5473A25324F223EC009C6E3D /* Project object */;
			proxyType = 1;
			remoteGlobalIDString = 5473A25A24F223EC009C6E3D;
			remoteInfo = Colors;
		};
		5473A27D24F223EE009C6E3D /* PBXContainerItemProxy */ = {
			isa = PBXContainerItemProxy;
			containerPortal = 5473A25324F223EC009C6E3D /* Project object */;
			proxyType = 1;
			remoteGlobalIDString = 5473A25A24F223EC009C6E3D;
			remoteInfo = Colors;
		};
/* End PBXContainerItemProxy section */

/* Begin PBXFileReference section */
		5473A25B24F223EC009C6E3D /* Colors.app */ = {isa = PBXFileReference; explicitFileType = wrapper.application; includeInIndex = 0; path = Colors.app; sourceTree = BUILT_PRODUCTS_DIR; };
		5473A25E24F223EC009C6E3D /* AppDelegate.swift */ = {isa = PBXFileReference; lastKnownFileType = sourcecode.swift; path = AppDelegate.swift; sourceTree = "<group>"; };
		5473A26024F223EC009C6E3D /* SceneDelegate.swift */ = {isa = PBXFileReference; lastKnownFileType = sourcecode.swift; path = SceneDelegate.swift; sourceTree = "<group>"; };
		5473A26224F223EC009C6E3D /* ContentView.swift */ = {isa = PBXFileReference; lastKnownFileType = sourcecode.swift; path = ContentView.swift; sourceTree = "<group>"; };
		5473A26424F223ED009C6E3D /* Assets.xcassets */ = {isa = PBXFileReference; lastKnownFileType = folder.assetcatalog; path = Assets.xcassets; sourceTree = "<group>"; };
		5473A26724F223ED009C6E3D /* Preview Assets.xcassets */ = {isa = PBXFileReference; lastKnownFileType = folder.assetcatalog; path = "Preview Assets.xcassets"; sourceTree = "<group>"; };
		5473A26A24F223ED009C6E3D /* Base */ = {isa = PBXFileReference; lastKnownFileType = file.storyboard; name = Base; path = Base.lproj/LaunchScreen.storyboard; sourceTree = "<group>"; };
		5473A26C24F223ED009C6E3D /* Info.plist */ = {isa = PBXFileReference; lastKnownFileType = text.plist.xml; path = Info.plist; sourceTree = "<group>"; };
		5473A27124F223EE009C6E3D /* ColorsTests.xctest */ = {isa = PBXFileReference; explicitFileType = wrapper.cfbundle; includeInIndex = 0; path = ColorsTests.xctest; sourceTree = BUILT_PRODUCTS_DIR; };
		5473A27524F223EE009C6E3D /* ColorsTests.swift */ = {isa = PBXFileReference; lastKnownFileType = sourcecode.swift; path = ColorsTests.swift; sourceTree = "<group>"; };
		5473A27724F223EE009C6E3D /* Info.plist */ = {isa = PBXFileReference; lastKnownFileType = text.plist.xml; path = Info.plist; sourceTree = "<group>"; };
		5473A27C24F223EE009C6E3D /* ColorsUITests.xctest */ = {isa = PBXFileReference; explicitFileType = wrapper.cfbundle; includeInIndex = 0; path = ColorsUITests.xctest; sourceTree = BUILT_PRODUCTS_DIR; };
		5473A28024F223EE009C6E3D /* ColorsUITests.swift */ = {isa = PBXFileReference; lastKnownFileType = sourcecode.swift; path = ColorsUITests.swift; sourceTree = "<group>"; };
		5473A28224F223EE009C6E3D /* Info.plist */ = {isa = PBXFileReference; lastKnownFileType = text.plist.xml; path = Info.plist; sourceTree = "<group>"; };
		5473A28E24F2245F009C6E3D /* ColorRow.swift */ = {isa = PBXFileReference; lastKnownFileType = sourcecode.swift; path = ColorRow.swift; sourceTree = "<group>"; };
		5473A29024F22950009C6E3D /* ColorsList.swift */ = {isa = PBXFileReference; lastKnownFileType = sourcecode.swift; path = ColorsList.swift; sourceTree = "<group>"; };
		5473A29224F2296D009C6E3D /* ColorsViewModel.swift */ = {isa = PBXFileReference; lastKnownFileType = sourcecode.swift; path = ColorsViewModel.swift; sourceTree = "<group>"; };
		5473A29424F229A4009C6E3D /* ColorToken.swift */ = {isa = PBXFileReference; lastKnownFileType = sourcecode.swift; path = ColorToken.swift; sourceTree = "<group>"; };
/* End PBXFileReference section */

/* Begin PBXFrameworksBuildPhase section */
		5473A25824F223EC009C6E3D /* Frameworks */ = {
			isa = PBXFrameworksBuildPhase;
			buildActionMask = 2147483647;
			files = (
			);
			runOnlyForDeploymentPostprocessing = 0;
		};
		5473A26E24F223EE009C6E3D /* Frameworks */ = {
			isa = PBXFrameworksBuildPhase;
			buildActionMask = 2147483647;
			files = (
			);
			runOnlyForDeploymentPostprocessing = 0;
		};
		5473A27924F223EE009C6E3D /* Frameworks */ = {
			isa = PBXFrameworksBuildPhase;
			buildActionMask = 2147483647;
			files = (
			);
			runOnlyForDeploymentPostprocessing = 0;
		};
/* End PBXFrameworksBuildPhase section */

/* Begin PBXGroup section */
		5473A25224F223EC009C6E3D = {
			isa = PBXGroup;
			children = (
				5473A25D24F223EC009C6E3D /* Colors */,
				5473A27424F223EE009C6E3D /* ColorsTests */,
				5473A27F24F223EE009C6E3D /* ColorsUITests */,
				5473A25C24F223EC009C6E3D /* Products */,
			);
			sourceTree = "<group>";
		};
		5473A25C24F223EC009C6E3D /* Products */ = {
			isa = PBXGroup;
			children = (
				5473A25B24F223EC009C6E3D /* Colors.app */,
				5473A27124F223EE009C6E3D /* ColorsTests.xctest */,
				5473A27C24F223EE009C6E3D /* ColorsUITests.xctest */,
			);
			name = Products;
			sourceTree = "<group>";
		};
		5473A25D24F223EC009C6E3D /* Colors */ = {
			isa = PBXGroup;
			children = (
				5473A25E24F223EC009C6E3D /* AppDelegate.swift */,
				5473A26024F223EC009C6E3D /* SceneDelegate.swift */,
				5473A26224F223EC009C6E3D /* ContentView.swift */,
				5473A28E24F2245F009C6E3D /* ColorRow.swift */,
				5473A29024F22950009C6E3D /* ColorsList.swift */,
				5473A29224F2296D009C6E3D /* ColorsViewModel.swift */,
				5473A29424F229A4009C6E3D /* ColorToken.swift */,
				5473A26424F223ED009C6E3D /* Assets.xcassets */,
				5473A26924F223ED009C6E3D /* LaunchScreen.storyboard */,
				5473A26C24F223ED009C6E3D /* Info.plist */,
				5473A26624F223ED009C6E3D /* Preview Content */,
			);
			path = Colors;
			sourceTree = "<group>";
		};
		5473A26624F223ED009C6E3D /* Preview Content */ = {
			isa = PBXGroup;
			children = (
				5473A26724F223ED009C6E3D /* Preview Assets.xcassets */,
			);
			path = "Preview Content";
			sourceTree = "<group>";
		};
		5473A27424F223EE009C6E3D /* ColorsTests */ = {
			isa = PBXGroup;
			children = (
				5473A27524F223EE009C6E3D /* ColorsTests.swift */,
				5473A27724F223EE009C6E3D /* Info.plist */,
			);
			path = ColorsTests;
			sourceTree = "<group>";
		};
		5473A27F24F223EE009C6E3D /* ColorsUITests */ = {
			isa = PBXGroup;
			children = (
				5473A28024F223EE009C6E3D /* ColorsUITests.swift */,
				5473A28224F223EE009C6E3D /* Info.plist */,
			);
			path = ColorsUITests;
			sourceTree = "<group>";
		};
/* End PBXGroup section */

/* Begin PBXNativeTarget section */
		5473A25A24F223EC009C6E3D /* Colors */ = {
			isa = PBXNativeTarget;
			buildConfigurationList = 5473A28524F223EE009C6E3D /* Build configuration list for PBXNativeTarget "Colors" */;
			buildPhases = (
				5473A25724F223EC009C6E3D /* Sources */,
				5473A25824F223EC009C6E3D /* Frameworks */,
				5473A25924F223EC009C6E3D /* Resources */,
			);
			buildRules = (
			);
			dependencies = (
			);
			name = Colors;
			productName = Colors;
			productReference = 5473A25B24F223EC009C6E3D /* Colors.app */;
			productType = "com.apple.product-type.application";
		};
		5473A27024F223EE009C6E3D /* ColorsTests */ = {
			isa = PBXNativeTarget;
			buildConfigurationList = 5473A28824F223EE009C6E3D /* Build configuration list for PBXNativeTarget "ColorsTests" */;
			buildPhases = (
				5473A26D24F223EE009C6E3D /* Sources */,
				5473A26E24F223EE009C6E3D /* Frameworks */,
				5473A26F24F223EE009C6E3D /* Resources */,
			);
			buildRules = (
			);
			dependencies = (
				5473A27324F223EE009C6E3D /* PBXTargetDependency */,
			);
			name = ColorsTests;
			productName = ColorsTests;
			productReference = 5473A27124F223EE009C6E3D /* ColorsTests.xctest */;
			productType = "com.apple.product-type.bundle.unit-test";
		};
		5473A27B24F223EE009C6E3D /* ColorsUITests */ = {
			isa = PBXNativeTarget;
			buildConfigurationList = 5473A28B24F223EE009C6E3D /* Build configuration list for PBXNativeTarget "ColorsUITests" */;
			buildPhases = (
				5473A27824F223EE009C6E3D /* Sources */,
				5473A27924F223EE009C6E3D /* Frameworks */,
				5473A27A24F223EE009C6E3D /* Resources */,
			);
			buildRules = (
			);
			dependencies = (
				5473A27E24F223EE009C6E3D /* PBXTargetDependency */,
			);
			name = ColorsUITests;
			productName = ColorsUITests;
			productReference = 5473A27C24F223EE009C6E3D /* ColorsUITests.xctest */;
			productType = "com.apple.product-type.bundle.ui-testing";
		};
/* End PBXNativeTarget section */

/* Begin PBXProject section */
		5473A25324F223EC009C6E3D /* Project object */ = {
			isa = PBXProject;
			attributes = {
				LastSwiftUpdateCheck = 1160;
				LastUpgradeCheck = 1160;
				ORGANIZATIONNAME = "Emad Abdulrahim";
				TargetAttributes = {
					5473A25A24F223EC009C6E3D = {
						CreatedOnToolsVersion = 11.6;
					};
					5473A27024F223EE009C6E3D = {
						CreatedOnToolsVersion = 11.6;
						TestTargetID = 5473A25A24F223EC009C6E3D;
					};
					5473A27B24F223EE009C6E3D = {
						CreatedOnToolsVersion = 11.6;
						TestTargetID = 5473A25A24F223EC009C6E3D;
					};
				};
			};
			buildConfigurationList = 5473A25624F223EC009C6E3D /* Build configuration list for PBXProject "Colors" */;
			compatibilityVersion = "Xcode 9.3";
			developmentRegion = en;
			hasScannedForEncodings = 0;
			knownRegions = (
				en,
				Base,
			);
			mainGroup = 5473A25224F223EC009C6E3D;
			productRefGroup = 5473A25C24F223EC009C6E3D /* Products */;
			projectDirPath = "";
			projectRoot = "";
			targets = (
				5473A25A24F223EC009C6E3D /* Colors */,
				5473A27024F223EE009C6E3D /* ColorsTests */,
				5473A27B24F223EE009C6E3D /* ColorsUITests */,
			);
		};
/* End PBXProject section */

/* Begin PBXResourcesBuildPhase section */
		5473A25924F223EC009C6E3D /* Resources */ = {
			isa = PBXResourcesBuildPhase;
			buildActionMask = 2147483647;
			files = (
				5473A26B24F223ED009C6E3D /* LaunchScreen.storyboard in Resources */,
				5473A26824F223ED009C6E3D /* Preview Assets.xcassets in Resources */,
				5473A26524F223ED009C6E3D /* Assets.xcassets in Resources */,
			);
			runOnlyForDeploymentPostprocessing = 0;
		};
		5473A26F24F223EE009C6E3D /* Resources */ = {
			isa = PBXResourcesBuildPhase;
			buildActionMask = 2147483647;
			files = (
			);
			runOnlyForDeploymentPostprocessing = 0;
		};
		5473A27A24F223EE009C6E3D /* Resources */ = {
			isa = PBXResourcesBuildPhase;
			buildActionMask = 2147483647;
			files = (
			);
			runOnlyForDeploymentPostprocessing = 0;
		};
/* End PBXResourcesBuildPhase section */

/* Begin PBXSourcesBuildPhase section */
		5473A25724F223EC009C6E3D /* Sources */ = {
			isa = PBXSourcesBuildPhase;
			buildActionMask = 2147483647;
			files = (
				5473A29124F22950009C6E3D /* ColorsList.swift in Sources */,
				5473A28F24F2245F009C6E3D /* ColorRow.swift in Sources */,
				5473A29524F229A4009C6E3D /* ColorToken.swift in Sources */,
				5473A29324F2296D009C6E3D /* ColorsViewModel.swift in Sources */,
				5473A25F24F223EC009C6E3D /* AppDelegate.swift in Sources */,
				5473A26124F223EC009C6E3D /* SceneDelegate.swift in Sources */,
				5473A26324F223EC009C6E3D /* ContentView.swift in Sources */,
			);
			runOnlyForDeploymentPostprocessing = 0;
		};
		5473A26D24F223EE009C6E3D /* Sources */ = {
			isa = PBXSourcesBuildPhase;
			buildActionMask = 2147483647;
			files = (
				5473A27624F223EE009C6E3D /* ColorsTests.swift in Sources */,
			);
			runOnlyForDeploymentPostprocessing = 0;
		};
		5473A27824F223EE009C6E3D /* Sources */ = {
			isa = PBXSourcesBuildPhase;
			buildActionMask = 2147483647;
			files = (
				5473A28124F223EE009C6E3D /* ColorsUITests.swift in Sources */,
			);
			runOnlyForDeploymentPostprocessing = 0;
		};
/* End PBXSourcesBuildPhase section */

/* Begin PBXTargetDependency section */
		5473A27324F223EE009C6E3D /* PBXTargetDependency */ = {
			isa = PBXTargetDependency;
			target = 5473A25A24F223EC009C6E3D /* Colors */;
			targetProxy = 5473A27224F223EE009C6E3D /* PBXContainerItemProxy */;
		};
		5473A27E24F223EE009C6E3D /* PBXTargetDependency */ = {
			isa = PBXTargetDependency;
			target = 5473A25A24F223EC009C6E3D /* Colors */;
			targetProxy = 5473A27D24F223EE009C6E3D /* PBXContainerItemProxy */;
		};
/* End PBXTargetDependency section */

/* Begin PBXVariantGroup section */
		5473A26924F223ED009C6E3D /* LaunchScreen.storyboard */ = {
			isa = PBXVariantGroup;
			children = (
				5473A26A24F223ED009C6E3D /* Base */,
			);
			name = LaunchScreen.storyboard;
			sourceTree = "<group>";
		};
/* End PBXVariantGroup section */

/* Begin XCBuildConfiguration section */
		5473A28324F223EE009C6E3D /* Debug */ = {
			isa = XCBuildConfiguration;
			buildSettings = {
				ALWAYS_SEARCH_USER_PATHS = NO;
				CLANG_ANALYZER_NONNULL = YES;
				CLANG_ANALYZER_NUMBER_OBJECT_CONVERSION = YES_AGGRESSIVE;
				CLANG_CXX_LANGUAGE_STANDARD = "gnu++14";
				CLANG_CXX_LIBRARY = "libc++";
				CLANG_ENABLE_MODULES = YES;
				CLANG_ENABLE_OBJC_ARC = YES;
				CLANG_ENABLE_OBJC_WEAK = YES;
				CLANG_WARN_BLOCK_CAPTURE_AUTORELEASING = YES;
				CLANG_WARN_BOOL_CONVERSION = YES;
				CLANG_WARN_COMMA = YES;
				CLANG_WARN_CONSTANT_CONVERSION = YES;
				CLANG_WARN_DEPRECATED_OBJC_IMPLEMENTATIONS = YES;
				CLANG_WARN_DIRECT_OBJC_ISA_USAGE = YES_ERROR;
				CLANG_WARN_DOCUMENTATION_COMMENTS = YES;
				CLANG_WARN_EMPTY_BODY = YES;
				CLANG_WARN_ENUM_CONVERSION = YES;
				CLANG_WARN_INFINITE_RECURSION = YES;
				CLANG_WARN_INT_CONVERSION = YES;
				CLANG_WARN_NON_LITERAL_NULL_CONVERSION = YES;
				CLANG_WARN_OBJC_IMPLICIT_RETAIN_SELF = YES;
				CLANG_WARN_OBJC_LITERAL_CONVERSION = YES;
				CLANG_WARN_OBJC_ROOT_CLASS = YES_ERROR;
				CLANG_WARN_RANGE_LOOP_ANALYSIS = YES;
				CLANG_WARN_STRICT_PROTOTYPES = YES;
				CLANG_WARN_SUSPICIOUS_MOVE = YES;
				CLANG_WARN_UNGUARDED_AVAILABILITY = YES_AGGRESSIVE;
				CLANG_WARN_UNREACHABLE_CODE = YES;
				CLANG_WARN__DUPLICATE_METHOD_MATCH = YES;
				COPY_PHASE_STRIP = NO;
				DEBUG_INFORMATION_FORMAT = dwarf;
				ENABLE_STRICT_OBJC_MSGSEND = YES;
				ENABLE_TESTABILITY = YES;
				GCC_C_LANGUAGE_STANDARD = gnu11;
				GCC_DYNAMIC_NO_PIC = NO;
				GCC_NO_COMMON_BLOCKS = YES;
				GCC_OPTIMIZATION_LEVEL = 0;
				GCC_PREPROCESSOR_DEFINITIONS = (
					"DEBUG=1",
					"$(inherited)",
				);
				GCC_WARN_64_TO_32_BIT_CONVERSION = YES;
				GCC_WARN_ABOUT_RETURN_TYPE = YES_ERROR;
				GCC_WARN_UNDECLARED_SELECTOR = YES;
				GCC_WARN_UNINITIALIZED_AUTOS = YES_AGGRESSIVE;
				GCC_WARN_UNUSED_FUNCTION = YES;
				GCC_WARN_UNUSED_VARIABLE = YES;
				IPHONEOS_DEPLOYMENT_TARGET = 13.6;
				MTL_ENABLE_DEBUG_INFO = INCLUDE_SOURCE;
				MTL_FAST_MATH = YES;
				ONLY_ACTIVE_ARCH = YES;
				SDKROOT = iphoneos;
				SWIFT_ACTIVE_COMPILATION_CONDITIONS = DEBUG;
				SWIFT_OPTIMIZATION_LEVEL = "-Onone";
			};
			name = Debug;
		};
		5473A28424F223EE009C6E3D /* Release */ = {
			isa = XCBuildConfiguration;
			buildSettings = {
				ALWAYS_SEARCH_USER_PATHS = NO;
				CLANG_ANALYZER_NONNULL = YES;
				CLANG_ANALYZER_NUMBER_OBJECT_CONVERSION = YES_AGGRESSIVE;
				CLANG_CXX_LANGUAGE_STANDARD = "gnu++14";
				CLANG_CXX_LIBRARY = "libc++";
				CLANG_ENABLE_MODULES = YES;
				CLANG_ENABLE_OBJC_ARC = YES;
				CLANG_ENABLE_OBJC_WEAK = YES;
				CLANG_WARN_BLOCK_CAPTURE_AUTORELEASING = YES;
				CLANG_WARN_BOOL_CONVERSION = YES;
				CLANG_WARN_COMMA = YES;
				CLANG_WARN_CONSTANT_CONVERSION = YES;
				CLANG_WARN_DEPRECATED_OBJC_IMPLEMENTATIONS = YES;
				CLANG_WARN_DIRECT_OBJC_ISA_USAGE = YES_ERROR;
				CLANG_WARN_DOCUMENTATION_COMMENTS = YES;
				CLANG_WARN_EMPTY_BODY = YES;
				CLANG_WARN_ENUM_CONVERSION = YES;
				CLANG_WARN_INFINITE_RECURSION = YES;
				CLANG_WARN_INT_CONVERSION = YES;
				CLANG_WARN_NON_LITERAL_NULL_CONVERSION = YES;
				CLANG_WARN_OBJC_IMPLICIT_RETAIN_SELF = YES;
				CLANG_WARN_OBJC_LITERAL_CONVERSION = YES;
				CLANG_WARN_OBJC_ROOT_CLASS = YES_ERROR;
				CLANG_WARN_RANGE_LOOP_ANALYSIS = YES;
				CLANG_WARN_STRICT_PROTOTYPES = YES;
				CLANG_WARN_SUSPICIOUS_MOVE = YES;
				CLANG_WARN_UNGUARDED_AVAILABILITY = YES_AGGRESSIVE;
				CLANG_WARN_UNREACHABLE_CODE = YES;
				CLANG_WARN__DUPLICATE_METHOD_MATCH = YES;
				COPY_PHASE_STRIP = NO;
				DEBUG_INFORMATION_FORMAT = "dwarf-with-dsym";
				ENABLE_NS_ASSERTIONS = NO;
				ENABLE_STRICT_OBJC_MSGSEND = YES;
				GCC_C_LANGUAGE_STANDARD = gnu11;
				GCC_NO_COMMON_BLOCKS = YES;
				GCC_WARN_64_TO_32_BIT_CONVERSION = YES;
				GCC_WARN_ABOUT_RETURN_TYPE = YES_ERROR;
				GCC_WARN_UNDECLARED_SELECTOR = YES;
				GCC_WARN_UNINITIALIZED_AUTOS = YES_AGGRESSIVE;
				GCC_WARN_UNUSED_FUNCTION = YES;
				GCC_WARN_UNUSED_VARIABLE = YES;
				IPHONEOS_DEPLOYMENT_TARGET = 13.6;
				MTL_ENABLE_DEBUG_INFO = NO;
				MTL_FAST_MATH = YES;
				SDKROOT = iphoneos;
				SWIFT_COMPILATION_MODE = wholemodule;
				SWIFT_OPTIMIZATION_LEVEL = "-O";
				VALIDATE_PRODUCT = YES;
			};
			name = Release;
		};
		5473A28624F223EE009C6E3D /* Debug */ = {
			isa = XCBuildConfiguration;
			buildSettings = {
				ASSETCATALOG_COMPILER_APPICON_NAME = AppIcon;
				CODE_SIGN_STYLE = Automatic;
				DEVELOPMENT_ASSET_PATHS = "\"Colors/Preview Content\"";
				ENABLE_PREVIEWS = YES;
				INFOPLIST_FILE = Colors/Info.plist;
				LD_RUNPATH_SEARCH_PATHS = (
					"$(inherited)",
					"@executable_path/Frameworks",
				);
				PRODUCT_BUNDLE_IDENTIFIER = emad.products.Colors;
				PRODUCT_NAME = "$(TARGET_NAME)";
				SWIFT_VERSION = 5.0;
				TARGETED_DEVICE_FAMILY = "1,2";
			};
			name = Debug;
		};
		5473A28724F223EE009C6E3D /* Release */ = {
			isa = XCBuildConfiguration;
			buildSettings = {
				ASSETCATALOG_COMPILER_APPICON_NAME = AppIcon;
				CODE_SIGN_STYLE = Automatic;
				DEVELOPMENT_ASSET_PATHS = "\"Colors/Preview Content\"";
				ENABLE_PREVIEWS = YES;
				INFOPLIST_FILE = Colors/Info.plist;
				LD_RUNPATH_SEARCH_PATHS = (
					"$(inherited)",
					"@executable_path/Frameworks",
				);
				PRODUCT_BUNDLE_IDENTIFIER = emad.products.Colors;
				PRODUCT_NAME = "$(TARGET_NAME)";
				SWIFT_VERSION = 5.0;
				TARGETED_DEVICE_FAMILY = "1,2";
			};
			name = Release;
		};
		5473A28924F223EE009C6E3D /* Debug */ = {
			isa = XCBuildConfiguration;
			buildSettings = {
				ALWAYS_EMBED_SWIFT_STANDARD_LIBRARIES = YES;
				BUNDLE_LOADER = "$(TEST_HOST)";
				CODE_SIGN_STYLE = Automatic;
				INFOPLIST_FILE = ColorsTests/Info.plist;
				IPHONEOS_DEPLOYMENT_TARGET = 13.6;
				LD_RUNPATH_SEARCH_PATHS = (
					"$(inherited)",
					"@executable_path/Frameworks",
					"@loader_path/Frameworks",
				);
				PRODUCT_BUNDLE_IDENTIFIER = emad.products.ColorsTests;
				PRODUCT_NAME = "$(TARGET_NAME)";
				SWIFT_VERSION = 5.0;
				TARGETED_DEVICE_FAMILY = "1,2";
				TEST_HOST = "$(BUILT_PRODUCTS_DIR)/Colors.app/Colors";
			};
			name = Debug;
		};
		5473A28A24F223EE009C6E3D /* Release */ = {
			isa = XCBuildConfiguration;
			buildSettings = {
				ALWAYS_EMBED_SWIFT_STANDARD_LIBRARIES = YES;
				BUNDLE_LOADER = "$(TEST_HOST)";
				CODE_SIGN_STYLE = Automatic;
				INFOPLIST_FILE = ColorsTests/Info.plist;
				IPHONEOS_DEPLOYMENT_TARGET = 13.6;
				LD_RUNPATH_SEARCH_PATHS = (
					"$(inherited)",
					"@executable_path/Frameworks",
					"@loader_path/Frameworks",
				);
				PRODUCT_BUNDLE_IDENTIFIER = emad.products.ColorsTests;
				PRODUCT_NAME = "$(TARGET_NAME)";
				SWIFT_VERSION = 5.0;
				TARGETED_DEVICE_FAMILY = "1,2";
				TEST_HOST = "$(BUILT_PRODUCTS_DIR)/Colors.app/Colors";
			};
			name = Release;
		};
		5473A28C24F223EE009C6E3D /* Debug */ = {
			isa = XCBuildConfiguration;
			buildSettings = {
				ALWAYS_EMBED_SWIFT_STANDARD_LIBRARIES = YES;
				CODE_SIGN_STYLE = Automatic;
				INFOPLIST_FILE = ColorsUITests/Info.plist;
				LD_RUNPATH_SEARCH_PATHS = (
					"$(inherited)",
					"@executable_path/Frameworks",
					"@loader_path/Frameworks",
				);
				PRODUCT_BUNDLE_IDENTIFIER = emad.products.ColorsUITests;
				PRODUCT_NAME = "$(TARGET_NAME)";
				SWIFT_VERSION = 5.0;
				TARGETED_DEVICE_FAMILY = "1,2";
				TEST_TARGET_NAME = Colors;
			};
			name = Debug;
		};
		5473A28D24F223EE009C6E3D /* Release */ = {
			isa = XCBuildConfiguration;
			buildSettings = {
				ALWAYS_EMBED_SWIFT_STANDARD_LIBRARIES = YES;
				CODE_SIGN_STYLE = Automatic;
				INFOPLIST_FILE = ColorsUITests/Info.plist;
				LD_RUNPATH_SEARCH_PATHS = (
					"$(inherited)",
					"@executable_path/Frameworks",
					"@loader_path/Frameworks",
				);
				PRODUCT_BUNDLE_IDENTIFIER = emad.products.ColorsUITests;
				PRODUCT_NAME = "$(TARGET_NAME)";
				SWIFT_VERSION = 5.0;
				TARGETED_DEVICE_FAMILY = "1,2";
				TEST_TARGET_NAME = Colors;
			};
			name = Release;
		};
/* End XCBuildConfiguration section */

/* Begin XCConfigurationList section */
		5473A25624F223EC009C6E3D /* Build configuration list for PBXProject "Colors" */ = {
			isa = XCConfigurationList;
			buildConfigurations = (
				5473A28324F223EE009C6E3D /* Debug */,
				5473A28424F223EE009C6E3D /* Release */,
			);
			defaultConfigurationIsVisible = 0;
			defaultConfigurationName = Release;
		};
		5473A28524F223EE009C6E3D /* Build configuration list for PBXNativeTarget "Colors" */ = {
			isa = XCConfigurationList;
			buildConfigurations = (
				5473A28624F223EE009C6E3D /* Debug */,
				5473A28724F223EE009C6E3D /* Release */,
			);
			defaultConfigurationIsVisible = 0;
			defaultConfigurationName = Release;
		};
		5473A28824F223EE009C6E3D /* Build configuration list for PBXNativeTarget "ColorsTests" */ = {
			isa = XCConfigurationList;
			buildConfigurations = (
				5473A28924F223EE009C6E3D /* Debug */,
				5473A28A24F223EE009C6E3D /* Release */,
			);
			defaultConfigurationIsVisible = 0;
			defaultConfigurationName = Release;
		};
		5473A28B24F223EE009C6E3D /* Build configuration list for PBXNativeTarget "ColorsUITests" */ = {
			isa = XCConfigurationList;
			buildConfigurations = (
				5473A28C24F223EE009C6E3D /* Debug */,
				5473A28D24F223EE009C6E3D /* Release */,
			);
			defaultConfigurationIsVisible = 0;
			defaultConfigurationName = Release;
		};
/* End XCConfigurationList section */
	};
	rootObject = 5473A25324F223EC009C6E3D /* Project object */;
}
